
Microsoft Visual Studio Solution File, Format Version 12.00
# Visual Studio Version 17
VisualStudioVersion = 17.4.33213.308
MinimumVisualStudioVersion = 10.0.40219.1
Project("{FAE04EC0-301F-11D3-BF4B-00C04F79EFBC}") = "ZoomTest", "ZoomTest\ZoomTest.csproj", "{F7005605-2FEA-40D5-B31B-AD10333060F2}"
EndProject
Global
	GlobalSection(SolutionConfigurationPlatforms) = preSolution
		Debug|Any CPU = Debug|Any CPU
		Release|Any CPU = Release|Any CPU
	EndGlobalSection
	GlobalSection(ProjectConfigurationPlatforms) = postSolution
		{F7005605-2FEA-40D5-B31B-AD10333060F2}.Debug|Any CPU.ActiveCfg = Debug|Any CPU
		{F7005605-2FEA-40D5-B31B-AD10333060F2}.Debug|Any CPU.Build.0 = Debug|Any CPU
		{F7005605-2FEA-40D5-B31B-AD10333060F2}.Release|Any CPU.ActiveCfg = Release|Any CPU
		{F7005605-2FEA-40D5-B31B-AD10333060F2}.Release|Any CPU.Build.0 = Release|Any CPU
	EndGlobalSection
	GlobalSection(SolutionProperties) = preSolution
		HideSolutionNode = FALSE
	EndGlobalSection
	GlobalSection(ExtensibilityGlobals) = postSolution
		SolutionGuid = {E905FAD4-B54D-41AF-B25F-8ADFB38456CD}
	EndGlobalSection
EndGlobal
